Microsoft Visual Studio Solution File, Format Version 12.00
# Visual Studio 2013
VisualStudioVersion = 12.0.30501.0
MinimumVisualStudioVersion = 10.0.40219.1
Project("{FAE04EC0-301F-11D3-BF4B-00C04F79EFBC}") = "Demo_MG_MazeGame.D01b", "Demo_MG_PlatformMovement.D01\Demo_MG_MazeGame.D01b.csproj", "{DF581FF9-C57D-4BDD-99E1-EC809F271310}"
EndProject
Project("{FAE04EC0-301F-11D3-BF4B-00C04F79EFBC}") = "Demo_MG_MazeGame.D02b", "Demo_MG_PlatformMovement.D02\Demo_MG_MazeGame.D02b.csproj", "{AFAE2AA9-600D-4EE8-AC99-2EC369267E99}"
EndProject
Project("{FAE04EC0-301F-11D3-BF4B-00C04F79EFBC}") = "_Documentation", "_Documentation\_Documentation.csproj", "{3503CC3A-008C-4D94-9E9A-E1E954E75F9A}"
EndProject
Project("{FAE04EC0-301F-11D3-BF4B-00C04F79EFBC}") = "Demo_MG_MazeGame.D03b", "Demo_MG_PlatformMovement.D03\Demo_MG_MazeGame.D03b.csproj", "{56F9010C-21BB-493A-A621-9A7BCD112868}"
EndProject
Project("{FAE04EC0-301F-11D3-BF4B-00C04F79EFBC}") = "Demo_MG_MazeGame.D01a", "Demo_MG_PlatformMovement.D01a\Demo_MG_MazeGame.D01a.csproj", "{A4C72BDC-F290-444F-AC7A-503BE81D6FD6}"
EndProject
Project("{FAE04EC0-301F-11D3-BF4B-00C04F79EFBC}") = "Demo_MG_MazeGame.D02a", "Demo_MG_PlatformMovement.D02a\Demo_MG_MazeGame.D02a.csproj", "{2E821C78-FF3D-4705-BC0E-7275D4B9B28F}"
EndProject
Project("{FAE04EC0-301F-11D3-BF4B-00C04F79EFBC}") = "Demo_MG_MazeGame.D03a", "Demo_MG_PlatformMovement.D03a\Demo_MG_MazeGame.D03a.csproj", "{F83DAF29-F2B2-42AE-BDC8-CC20351010AA}"
EndProject
Global
	GlobalSection(SolutionConfigurationPlatforms) = preSolution
		Debug|Any CPU = Debug|Any CPU
		Debug|Mixed Platforms = Debug|Mixed Platforms
		Debug|x86 = Debug|x86
		Release|Any CPU = Release|Any CPU
		Release|Mixed Platforms = Release|Mixed Platforms
		Release|x86 = Release|x86
	EndGlobalSection
	GlobalSection(ProjectConfigurationPlatforms) = postSolution
		{DF581FF9-C57D-4BDD-99E1-EC809F271310}.Debug|Any CPU.ActiveCfg = Debug|x86
		{DF581FF9-C57D-4BDD-99E1-EC809F271310}.Debug|Mixed Platforms.ActiveCfg = Debug|x86
		{DF581FF9-C57D-4BDD-99E1-EC809F271310}.Debug|Mixed Platforms.Build.0 = Debug|x86
		{DF581FF9-C57D-4BDD-99E1-EC809F271310}.Debug|x86.ActiveCfg = Debug|x86
		{DF581FF9-C57D-4BDD-99E1-EC809F271310}.Debug|x86.Build.0 = Debug|x86
		{DF581FF9-C57D-4BDD-99E1-EC809F271310}.Release|Any CPU.ActiveCfg = Release|x86
		{DF581FF9-C57D-4BDD-99E1-EC809F271310}.Release|Mixed Platforms.ActiveCfg = Release|x86
		{DF581FF9-C57D-4BDD-99E1-EC809F271310}.Release|Mixed Platforms.Build.0 = Release|x86
		{DF581FF9-C57D-4BDD-99E1-EC809F271310}.Release|x86.ActiveCfg = Release|x86
		{DF581FF9-C57D-4BDD-99E1-EC809F271310}.Release|x86.Build.0 = Release|x86
		{AFAE2AA9-600D-4EE8-AC99-2EC369267E99}.Debug|Any CPU.ActiveCfg = Debug|x86
		{AFAE2AA9-600D-4EE8-AC99-2EC369267E99}.Debug|Mixed Platforms.ActiveCfg = Debug|x86
		{AFAE2AA9-600D-4EE8-AC99-2EC369267E99}.Debug|Mixed Platforms.Build.0 = Debug|x86
		{AFAE2AA9-600D-4EE8-AC99-2EC369267E99}.Debug|x86.ActiveCfg = Debug|x86
		{AFAE2AA9-600D-4EE8-AC99-2EC369267E99}.Debug|x86.Build.0 = Debug|x86
		{AFAE2AA9-600D-4EE8-AC99-2EC369267E99}.Release|Any CPU.ActiveCfg = Release|x86
		{AFAE2AA9-600D-4EE8-AC99-2EC369267E99}.Release|Mixed Platforms.ActiveCfg = Release|x86
		{AFAE2AA9-600D-4EE8-AC99-2EC369267E99}.Release|Mixed Platforms.Build.0 = Release|x86
		{AFAE2AA9-600D-4EE8-AC99-2EC369267E99}.Release|x86.ActiveCfg = Release|x86
		{AFAE2AA9-600D-4EE8-AC99-2EC369267E99}.Release|x86.Build.0 = Release|x86
		{3503CC3A-008C-4D94-9E9A-E1E954E75F9A}.Debug|Any CPU.ActiveCfg = Debug|Any CPU
		{3503CC3A-008C-4D94-9E9A-E1E954E75F9A}.Debug|Any CPU.Build.0 = Debug|Any CPU
		{3503CC3A-008C-4D94-9E9A-E1E954E75F9A}.Debug|Mixed Platforms.ActiveCfg = Debug|Any CPU
		{3503CC3A-008C-4D94-9E9A-E1E954E75F9A}.Debug|Mixed Platforms.Build.0 = Debug|Any CPU
		{3503CC3A-008C-4D94-9E9A-E1E954E75F9A}.Debug|x86.ActiveCfg = Debug|Any CPU
		{3503CC3A-008C-4D94-9E9A-E1E954E75F9A}.Release|Any CPU.ActiveCfg = Release|Any CPU
		{3503CC3A-008C-4D94-9E9A-E1E954E75F9A}.Release|Any CPU.Build.0 = Release|Any CPU
		{3503CC3A-008C-4D94-9E9A-E1E954E75F9A}.Release|Mixed Platforms.ActiveCfg = Release|Any CPU
		{3503CC3A-008C-4D94-9E9A-E1E954E75F9A}.Release|Mixed Platforms.Build.0 = Release|Any CPU
		{3503CC3A-008C-4D94-9E9A-E1E954E75F9A}.Release|x86.ActiveCfg = Release|Any CPU
		{56F9010C-21BB-493A-A621-9A7BCD112868}.Debug|Any CPU.ActiveCfg = Debug|x86
		{56F9010C-21BB-493A-A621-9A7BCD112868}.Debug|Mixed Platforms.ActiveCfg = Debug|x86
		{56F9010C-21BB-493A-A621-9A7BCD112868}.Debug|Mixed Platforms.Build.0 = Debug|x86
		{56F9010C-21BB-493A-A621-9A7BCD112868}.Debug|x86.ActiveCfg = Debug|x86
		{56F9010C-21BB-493A-A621-9A7BCD112868}.Debug|x86.Build.0 = Debug|x86
		{56F9010C-21BB-493A-A621-9A7BCD112868}.Release|Any CPU.ActiveCfg = Release|x86
		{56F9010C-21BB-493A-A621-9A7BCD112868}.Release|Mixed Platforms.ActiveCfg = Release|x86
		{56F9010C-21BB-493A-A621-9A7BCD112868}.Release|Mixed Platforms.Build.0 = Release|x86
		{56F9010C-21BB-493A-A621-9A7BCD112868}.Release|x86.ActiveCfg = Release|x86
		{56F9010C-21BB-493A-A621-9A7BCD112868}.Release|x86.Build.0 = Release|x86
		{A4C72BDC-F290-444F-AC7A-503BE81D6FD6}.Debug|Any CPU.ActiveCfg = Debug|x86
		{A4C72BDC-F290-444F-AC7A-503BE81D6FD6}.Debug|Mixed Platforms.ActiveCfg = Debug|x86
		{A4C72BDC-F290-444F-AC7A-503BE81D6FD6}.Debug|Mixed Platforms.Build.0 = Debug|x86
		{A4C72BDC-F290-444F-AC7A-503BE81D6FD6}.Debug|x86.ActiveCfg = Debug|x86
		{A4C72BDC-F290-444F-AC7A-503BE81D6FD6}.Debug|x86.Build.0 = Debug|x86
		{A4C72BDC-F290-444F-AC7A-503BE81D6FD6}.Release|Any CPU.ActiveCfg = Release|x86
		{A4C72BDC-F290-444F-AC7A-503BE81D6FD6}.Release|Mixed Platforms.ActiveCfg = Release|x86
		{A4C72BDC-F290-444F-AC7A-503BE81D6FD6}.Release|Mixed Platforms.Build.0 = Release|x86
		{A4C72BDC-F290-444F-AC7A-503BE81D6FD6}.Release|x86.ActiveCfg = Release|x86
		{A4C72BDC-F290-444F-AC7A-503BE81D6FD6}.Release|x86.Build.0 = Release|x86
		{2E821C78-FF3D-4705-BC0E-7275D4B9B28F}.Debug|Any CPU.ActiveCfg = Debug|x86
		{2E821C78-FF3D-4705-BC0E-7275D4B9B28F}.Debug|Mixed Platforms.ActiveCfg = Debug|x86
		{2E821C78-FF3D-4705-BC0E-7275D4B9B28F}.Debug|Mixed Platforms.Build.0 = Debug|x86
		{2E821C78-FF3D-4705-BC0E-7275D4B9B28F}.Debug|x86.ActiveCfg = Debug|x86
		{2E821C78-FF3D-4705-BC0E-7275D4B9B28F}.Debug|x86.Build.0 = Debug|x86
		{2E821C78-FF3D-4705-BC0E-7275D4B9B28F}.Release|Any CPU.ActiveCfg = Release|x86
		{2E821C78-FF3D-4705-BC0E-7275D4B9B28F}.Release|Mixed Platforms.ActiveCfg = Release|x86
		{2E821C78-FF3D-4705-BC0E-7275D4B9B28F}.Release|Mixed Platforms.Build.0 = Release|x86
		{2E821C78-FF3D-4705-BC0E-7275D4B9B28F}.Release|x86.ActiveCfg = Release|x86
		{2E821C78-FF3D-4705-BC0E-7275D4B9B28F}.Release|x86.Build.0 = Release|x86
		{F83DAF29-F2B2-42AE-BDC8-CC20351010AA}.Debug|Any CPU.ActiveCfg = Debug|x86
		{F83DAF29-F2B2-42AE-BDC8-CC20351010AA}.Debug|Mixed Platforms.ActiveCfg = Debug|x86
		{F83DAF29-F2B2-42AE-BDC8-CC20351010AA}.Debug|Mixed Platforms.Build.0 = Debug|x86
		{F83DAF29-F2B2-42AE-BDC8-CC20351010AA}.Debug|x86.ActiveCfg = Debug|x86
		{F83DAF29-F2B2-42AE-BDC8-CC20351010AA}.Debug|x86.Build.0 = Debug|x86
		{F83DAF29-F2B2-42AE-BDC8-CC20351010AA}.Release|Any CPU.ActiveCfg = Release|x86
		{F83DAF29-F2B2-42AE-BDC8-CC20351010AA}.Release|Mixed Platforms.ActiveCfg = Release|x86
		{F83DAF29-F2B2-42AE-BDC8-CC20351010AA}.Release|Mixed Platforms.Build.0 = Release|x86
		{F83DAF29-F2B2-42AE-BDC8-CC20351010AA}.Release|x86.ActiveCfg = Release|x86
		{F83DAF29-F2B2-42AE-BDC8-CC20351010AA}.Release|x86.Build.0 = Release|x86
	EndGlobalSection
	GlobalSection(SolutionProperties) = preSolution
		HideSolutionNode = FALSE
	EndGlobalSection
EndGlobal
